
Microsoft Visual Studio Solution File, Format Version 12.00
# Visual Studio Version 17
VisualStudioVersion = 17.4.33213.308
MinimumVisualStudioVersion = 10.0.40219.1
Project("{FAE04EC0-301F-11D3-BF4B-00C04F79EFBC}") = "PHMirador.Shared", "PHMirador.Shared\PHMirador.Shared.csproj", "{FFD4FF92-827C-4472-B6FC-8FF18A882708}"
EndProject
Project("{FAE04EC0-301F-11D3-BF4B-00C04F79EFBC}") = "PHMirador.API", "PHMirador.API\PHMirador.API.csproj", "{9387CCD3-9428-4237-96F9-5F1E5C0E9260}"
EndProject
Project("{FAE04EC0-301F-11D3-BF4B-00C04F79EFBC}") = "PHMirador.Web", "PHMirador.Web\PHMirador.Web.csproj", "{C738F986-5F74-4478-9E02-A5FBA79030D4}"
EndProject
Global
	GlobalSection(SolutionConfigurationPlatforms) = preSolution
		Debug|Any CPU = Debug|Any CPU
		Release|Any CPU = Release|Any CPU
	EndGlobalSection
	GlobalSection(ProjectConfigurationPlatforms) = postSolution
		{FFD4FF92-827C-4472-B6FC-8FF18A882708}.Debug|Any CPU.ActiveCfg = Debug|Any CPU
		{FFD4FF92-827C-4472-B6FC-8FF18A882708}.Debug|Any CPU.Build.0 = Debug|Any CPU
		{FFD4FF92-827C-4472-B6FC-8FF18A882708}.Release|Any CPU.ActiveCfg = Release|Any CPU
		{FFD4FF92-827C-4472-B6FC-8FF18A882708}.Release|Any CPU.Build.0 = Release|Any CPU
		{9387CCD3-9428-4237-96F9-5F1E5C0E9260}.Debug|Any CPU.ActiveCfg = Debug|Any CPU
		{9387CCD3-9428-4237-96F9-5F1E5C0E9260}.Debug|Any CPU.Build.0 = Debug|Any CPU
		{9387CCD3-9428-4237-96F9-5F1E5C0E9260}.Release|Any CPU.ActiveCfg = Release|Any CPU
		{9387CCD3-9428-4237-96F9-5F1E5C0E9260}.Release|Any CPU.Build.0 = Release|Any CPU
		{C738F986-5F74-4478-9E02-A5FBA79030D4}.Debug|Any CPU.ActiveCfg = Debug|Any CPU
		{C738F986-5F74-4478-9E02-A5FBA79030D4}.Debug|Any CPU.Build.0 = Debug|Any CPU
		{C738F986-5F74-4478-9E02-A5FBA79030D4}.Release|Any CPU.ActiveCfg = Release|Any CPU
		{C738F986-5F74-4478-9E02-A5FBA79030D4}.Release|Any CPU.Build.0 = Release|Any CPU
	EndGlobalSection
	GlobalSection(SolutionProperties) = preSolution
		HideSolutionNode = FALSE
	EndGlobalSection
	GlobalSection(ExtensibilityGlobals) = postSolution
		SolutionGuid = {5E5F4B59-D75A-4E8F-ACFD-845349E80B38}
	EndGlobalSection
EndGlobal
